
Microsoft Visual Studio Solution File, Format Version 12.00
# Visual Studio 15
VisualStudioVersion = 15.0.28307.168
MinimumVisualStudioVersion = 10.0.40219.1
Project("{8BC9CEB8-8B4A-11D0-8D11-00A0C91BC942}") = "rtdoom", "rtdoom\rtdoom.vcxproj", "{D27DCA69-01EE-4B18-BB15-8A829B41F088}"
EndProject
Project("{2150E333-8FDC-42A3-9474-1A3956D46DE8}") = "Solution Items", "Solution Items", "{C6D7B329-5919-46EC-9A88-B31570DF81DD}"
	ProjectSection(SolutionItems) = preProject
		README.md = README.md
	EndProjectSection
EndProject
Global
	GlobalSection(SolutionConfigurationPlatforms) = preSolution
		Debug|x64 = Debug|x64
		Debug|x86 = Debug|x86
		Release|x64 = Release|x64
		Release|x86 = Release|x86
	EndGlobalSection
	GlobalSection(ProjectConfigurationPlatforms) = postSolution
		{D27DCA69-01EE-4B18-BB15-8A829B41F088}.Debug|x64.ActiveCfg = Debug|x64
		{D27DCA69-01EE-4B18-BB15-8A829B41F088}.Debug|x64.Build.0 = Debug|x64
		{D27DCA69-01EE-4B18-BB15-8A829B41F088}.Debug|x86.ActiveCfg = Debug|Win32
		{D27DCA69-01EE-4B18-BB15-8A829B41F088}.Debug|x86.Build.0 = Debug|Win32
		{D27DCA69-01EE-4B18-BB15-8A829B41F088}.Release|x64.ActiveCfg = Release|x64
		{D27DCA69-01EE-4B18-BB15-8A829B41F088}.Release|x64.Build.0 = Release|x64
		{D27DCA69-01EE-4B18-BB15-8A829B41F088}.Release|x86.ActiveCfg = Release|Win32
		{D27DCA69-01EE-4B18-BB15-8A829B41F088}.Release|x86.Build.0 = Release|Win32
	EndGlobalSection
	GlobalSection(SolutionProperties) = preSolution
		HideSolutionNode = FALSE
	EndGlobalSection
	GlobalSection(ExtensibilityGlobals) = postSolution
		SolutionGuid = {D1E2921F-D1F9-4287-BFB6-CC729368DFCE}
	EndGlobalSection
EndGlobal
