<?xml version="1.0" encoding="utf-8"?>
<Project ToolsVersion="4.0" xmlns="http://schemas.microsoft.com/developer/msbuild/2003">
  <ItemGroup>
    <Filter Include="Source Files">
      <UniqueIdentifier>{4FC737F1-C7A5-4376-A066-2A32D752A2FF}</UniqueIdentifier>
      <Extensions>cpp;c;cc;cxx;def;odl;idl;hpj;bat;asm;asmx</Extensions>
    </Filter>
    <Filter Include="Header Files">
      <UniqueIdentifier>{93995380-89BD-4b04-88EB-625FBE52EBFB}</UniqueIdentifier>
      <Extensions>h;hh;hpp;hxx;hm;inl;inc;ipp;xsd</Extensions>
    </Filter>
    <Filter Include="Resource Files">
      <UniqueIdentifier>{67DA6AB6-F800-4c08-8B7A-83BB121AAD01}</UniqueIdentifier>
      <Extensions>rc;ico;cur;bmp;dlg;rc2;rct;bin;rgs;gif;jpg;jpeg;jpe;resx;tiff;tif;png;wav;mfcribbon-ms</Extensions>
    </Filter>
  </ItemGroup>
  <ItemGroup>
    <ClInclude Include="pch.h">
      <Filter>Header Files</Filter>
    </ClInclude>
    <ClInclude Include="rtdoom.h">
      <Filter>Header Files</Filter>
    </ClInclude>
    <ClInclude Include="Renderer.h">
      <Filter>Header Files</Filter>
    </ClInclude>
    <ClInclude Include="FrameBuffer.h">
      <Filter>Header Files</Filter>
    </ClInclude>
    <ClInclude Include="Viewport.h">
      <Filter>Header Files</Filter>
    </ClInclude>
    <ClInclude Include="MapStore.h">
      <Filter>Header Files</Filter>
    </ClInclude>
    <ClInclude Include="GameState.h">
      <Filter>Header Files</Filter>
    </ClInclude>
    <ClInclude Include="ViewRenderer.h">
      <Filter>Header Files</Filter>
    </ClInclude>
    <ClInclude Include="MapRenderer.h">
      <Filter>Header Files</Filter>
    </ClInclude>
    <ClInclude Include="FrameBuffer32.h">
      <Filter>Header Files</Filter>
    </ClInclude>
    <ClInclude Include="MapDef.h">
      <Filter>Header Files</Filter>
    </ClInclude>
    <ClInclude Include="Projection.h">
      <Filter>Header Files</Filter>
    </ClInclude>
    <ClInclude Include="MapStructs.h">
      <Filter>Header Files</Filter>
    </ClInclude>
    <ClInclude Include="MathCache.h">
      <Filter>Header Files</Filter>
    </ClInclude>
    <ClInclude Include="Frame.h">
      <Filter>Header Files</Filter>
    </ClInclude>
    <ClInclude Include="GameLoop.h">
      <Filter>Header Files</Filter>
    </ClInclude>
    <ClInclude Include="WADFile.h">
      <Filter>Header Files</Filter>
    </ClInclude>
    <ClInclude Include="Painter.h">
      <Filter>Header Files</Filter>
    </ClInclude>
    <ClInclude Include="TexturePainter.h">
      <Filter>Header Files</Filter>
    </ClInclude>
    <ClInclude Include="WireframePainter.h">
      <Filter>Header Files</Filter>
    </ClInclude>
    <ClInclude Include="SolidPainter.h">
      <Filter>Header Files</Filter>
    </ClInclude>
    <ClInclude Include="Helpers.h">
      <Filter>Header Files</Filter>
    </ClInclude>
    <ClInclude Include="GLRenderer.h">
      <Filter>Header Files</Filter>
    </ClInclude>
    <ClInclude Include="glad\glad.h">
      <Filter>Header Files</Filter>
    </ClInclude>
    <ClInclude Include="glad\KHR\khrplatform.h">
      <Filter>Header Files</Filter>
    </ClInclude>
    <ClInclude Include="poly2tri\poly2tri.h">
      <Filter>Header Files</Filter>
    </ClInclude>
    <ClInclude Include="poly2tri\sweep\advancing_front.h">
      <Filter>Header Files</Filter>
    </ClInclude>
    <ClInclude Include="poly2tri\sweep\cdt.h">
      <Filter>Header Files</Filter>
    </ClInclude>
    <ClInclude Include="poly2tri\sweep\sweep.h">
      <Filter>Header Files</Filter>
    </ClInclude>
    <ClInclude Include="poly2tri\sweep\sweep_context.h">
      <Filter>Header Files</Filter>
    </ClInclude>
    <ClInclude Include="poly2tri\common\shapes.h">
      <Filter>Header Files</Filter>
    </ClInclude>
    <ClInclude Include="poly2tri\common\utils.h">
      <Filter>Header Files</Filter>
    </ClInclude>
  </ItemGroup>
  <ItemGroup>
    <ClCompile Include="pch.cpp">
      <Filter>Source Files</Filter>
    </ClCompile>
    <ClCompile Include="main.cpp">
      <Filter>Source Files</Filter>
    </ClCompile>
    <ClCompile Include="Renderer.cpp">
      <Filter>Source Files</Filter>
    </ClCompile>
    <ClCompile Include="FrameBuffer.cpp">
      <Filter>Source Files</Filter>
    </ClCompile>
    <ClCompile Include="Viewport.cpp">
      <Filter>Source Files</Filter>
    </ClCompile>
    <ClCompile Include="MapStore.cpp">
      <Filter>Source Files</Filter>
    </ClCompile>
    <ClCompile Include="GameState.cpp">
      <Filter>Source Files</Filter>
    </ClCompile>
    <ClCompile Include="ViewRenderer.cpp">
      <Filter>Source Files</Filter>
    </ClCompile>
    <ClCompile Include="MapRenderer.cpp">
      <Filter>Source Files</Filter>
    </ClCompile>
    <ClCompile Include="FrameBuffer32.cpp">
      <Filter>Source Files</Filter>
    </ClCompile>
    <ClCompile Include="MapDef.cpp">
      <Filter>Source Files</Filter>
    </ClCompile>
    <ClCompile Include="Projection.cpp">
      <Filter>Source Files</Filter>
    </ClCompile>
    <ClCompile Include="MathCache.cpp">
      <Filter>Source Files</Filter>
    </ClCompile>
    <ClCompile Include="Frame.cpp">
      <Filter>Source Files</Filter>
    </ClCompile>
    <ClCompile Include="GameLoop.cpp">
      <Filter>Source Files</Filter>
    </ClCompile>
    <ClCompile Include="WADFile.cpp">
      <Filter>Source Files</Filter>
    </ClCompile>
    <ClCompile Include="Painter.cpp">
      <Filter>Source Files</Filter>
    </ClCompile>
    <ClCompile Include="TexturePainter.cpp">
      <Filter>Source Files</Filter>
    </ClCompile>
    <ClCompile Include="WireframePainter.cpp">
      <Filter>Source Files</Filter>
    </ClCompile>
    <ClCompile Include="SolidPainter.cpp">
      <Filter>Source Files</Filter>
    </ClCompile>
    <ClCompile Include="Helpers.cpp">
      <Filter>Source Files</Filter>
    </ClCompile>
    <ClCompile Include="GLRenderer.cpp">
      <Filter>Source Files</Filter>
    </ClCompile>
    <ClCompile Include="poly2tri\sweep\advancing_front.cc">
      <Filter>Source Files</Filter>
    </ClCompile>
    <ClCompile Include="poly2tri\sweep\cdt.cc">
      <Filter>Source Files</Filter>
    </ClCompile>
    <ClCompile Include="poly2tri\sweep\sweep.cc">
      <Filter>Source Files</Filter>
    </ClCompile>
    <ClCompile Include="poly2tri\sweep\sweep_context.cc">
      <Filter>Source Files</Filter>
    </ClCompile>
    <ClCompile Include="poly2tri\common\shapes.cc">
      <Filter>Source Files</Filter>
    </ClCompile>
    <ClCompile Include="glad\glad.cpp">
      <Filter>Source Files</Filter>
    </ClCompile>
  </ItemGroup>
  <ItemGroup>
    <None Include="packages.config" />
  </ItemGroup>
</Project>